PODS:
  - R.swift (5.2.2):
    - R.swift.Library (~> 5.2.0)
  - R.swift.Library (5.2.0)

DEPENDENCIES:
  - R.swift

SPEC REPOS:
  trunk:
    - R.swift
    - R.swift.Library

SPEC CHECKSUMS:
  R.swift: 7c52cdc57a66840ffe6cbd8a823d732059d42a32
  R.swift.Library: 5ba4f1631300caf9a4d890186930da85d540769d

PODFILE CHECKSUM: 19aedc04249aab655ff6d4adb9308eabee2397bf

COCOAPODS: 1.9.3
